
Microsoft Visual Studio Solution File, Format Version 12.00
# Visual Studio Version 17
VisualStudioVersion = 17.3.32901.215
MinimumVisualStudioVersion = 10.0.40219.1
Project("{FAE04EC0-301F-11D3-BF4B-00C04F79EFBC}") = "UC9", "UC9\UC9.csproj", "{6B3541B8-C683-40BE-8659-B07BD8A1790B}"
EndProject
Global
	GlobalSection(SolutionConfigurationPlatforms) = preSolution
		Debug|Any CPU = Debug|Any CPU
		Release|Any CPU = Release|Any CPU
	EndGlobalSection
	GlobalSection(ProjectConfigurationPlatforms) = postSolution
		{6B3541B8-C683-40BE-8659-B07BD8A1790B}.Debug|Any CPU.ActiveCfg = Debug|Any CPU
		{6B3541B8-C683-40BE-8659-B07BD8A1790B}.Debug|Any CPU.Build.0 = Debug|Any CPU
		{6B3541B8-C683-40BE-8659-B07BD8A1790B}.Release|Any CPU.ActiveCfg = Release|Any CPU
		{6B3541B8-C683-40BE-8659-B07BD8A1790B}.Release|Any CPU.Build.0 = Release|Any CPU
	EndGlobalSection
	GlobalSection(SolutionProperties) = preSolution
		HideSolutionNode = FALSE
	EndGlobalSection
	GlobalSection(ExtensibilityGlobals) = postSolution
		SolutionGuid = {8BB74F08-10F5-4FB3-B44E-C77D26ACD0EF}
	EndGlobalSection
EndGlobal
